
Microsoft Visual Studio Solution File, Format Version 12.00
# Visual Studio 2012
Project("{FAE04EC0-301F-11D3-BF4B-00C04F79EFBC}") = "DonateMe.Web", "DonateMe\DonateMe.Web.csproj", "{AFA7EFCD-9C1E-42C0-BA3D-CB98E9AA55ED}"
EndProject
Project("{FAE04EC0-301F-11D3-BF4B-00C04F79EFBC}") = "DonateMe.DataLayer", "DonateMe.DataLayer\DonateMe.DataLayer.csproj", "{87D5B2C5-0AF8-4318-9F96-A870550047DB}"
EndProject
Project("{FAE04EC0-301F-11D3-BF4B-00C04F79EFBC}") = "DonateMe.BusinessDomain", "DonateMe.BusinessDomain\DonateMe.BusinessDomain.csproj", "{3236EEF8-A9A1-42C4-9387-12D165B223CF}"
EndProject
Project("{FAE04EC0-301F-11D3-BF4B-00C04F79EFBC}") = "DonateMe.DataLayer.Tests", "DonateMe.DataLayer.Tests\DonateMe.DataLayer.Tests.csproj", "{FA2FD205-59B5-440E-8D88-1C64BF449848}"
EndProject
Project("{FAE04EC0-301F-11D3-BF4B-00C04F79EFBC}") = "DonateMe.Common", "DonateMe.Common\DonateMe.Common.csproj", "{AB42783C-094C-48FE-A353-DA56EA72E2E6}"
EndProject
Project("{FAE04EC0-301F-11D3-BF4B-00C04F79EFBC}") = "DonateMe.Web.Tests", "DonateMe.Web.Tests\DonateMe.Web.Tests.csproj", "{24690A20-F59F-46B1-B2D7-DA93EA43CF9A}"
EndProject
Project("{2150E333-8FDC-42A3-9474-1A3956D46DE8}") = "Tests", "Tests", "{602ECB82-7A93-437E-BF9C-99B9F8BEA52F}"
EndProject
Project("{FAE04EC0-301F-11D3-BF4B-00C04F79EFBC}") = "TestCommon", "TestCommon\TestCommon.csproj", "{362A2217-FC8C-4B1F-A6EE-C6DAC0EAE4EE}"
EndProject
Global
	GlobalSection(SolutionConfigurationPlatforms) = preSolution
		Debug|Any CPU = Debug|Any CPU
		Release|Any CPU = Release|Any CPU
	EndGlobalSection
	GlobalSection(ProjectConfigurationPlatforms) = postSolution
		{AFA7EFCD-9C1E-42C0-BA3D-CB98E9AA55ED}.Debug|Any CPU.ActiveCfg = Debug|Any CPU
		{AFA7EFCD-9C1E-42C0-BA3D-CB98E9AA55ED}.Debug|Any CPU.Build.0 = Debug|Any CPU
		{AFA7EFCD-9C1E-42C0-BA3D-CB98E9AA55ED}.Release|Any CPU.ActiveCfg = Release|Any CPU
		{AFA7EFCD-9C1E-42C0-BA3D-CB98E9AA55ED}.Release|Any CPU.Build.0 = Release|Any CPU
		{87D5B2C5-0AF8-4318-9F96-A870550047DB}.Debug|Any CPU.ActiveCfg = Debug|Any CPU
		{87D5B2C5-0AF8-4318-9F96-A870550047DB}.Debug|Any CPU.Build.0 = Debug|Any CPU
		{87D5B2C5-0AF8-4318-9F96-A870550047DB}.Release|Any CPU.ActiveCfg = Release|Any CPU
		{87D5B2C5-0AF8-4318-9F96-A870550047DB}.Release|Any CPU.Build.0 = Release|Any CPU
		{3236EEF8-A9A1-42C4-9387-12D165B223CF}.Debug|Any CPU.ActiveCfg = Debug|Any CPU
		{3236EEF8-A9A1-42C4-9387-12D165B223CF}.Debug|Any CPU.Build.0 = Debug|Any CPU
		{3236EEF8-A9A1-42C4-9387-12D165B223CF}.Release|Any CPU.ActiveCfg = Release|Any CPU
		{3236EEF8-A9A1-42C4-9387-12D165B223CF}.Release|Any CPU.Build.0 = Release|Any CPU
		{FA2FD205-59B5-440E-8D88-1C64BF449848}.Debug|Any CPU.ActiveCfg = Debug|Any CPU
		{FA2FD205-59B5-440E-8D88-1C64BF449848}.Debug|Any CPU.Build.0 = Debug|Any CPU
		{FA2FD205-59B5-440E-8D88-1C64BF449848}.Release|Any CPU.ActiveCfg = Release|Any CPU
		{FA2FD205-59B5-440E-8D88-1C64BF449848}.Release|Any CPU.Build.0 = Release|Any CPU
		{AB42783C-094C-48FE-A353-DA56EA72E2E6}.Debug|Any CPU.ActiveCfg = Debug|Any CPU
		{AB42783C-094C-48FE-A353-DA56EA72E2E6}.Debug|Any CPU.Build.0 = Debug|Any CPU
		{AB42783C-094C-48FE-A353-DA56EA72E2E6}.Release|Any CPU.ActiveCfg = Release|Any CPU
		{AB42783C-094C-48FE-A353-DA56EA72E2E6}.Release|Any CPU.Build.0 = Release|Any CPU
		{24690A20-F59F-46B1-B2D7-DA93EA43CF9A}.Debug|Any CPU.ActiveCfg = Debug|Any CPU
		{24690A20-F59F-46B1-B2D7-DA93EA43CF9A}.Debug|Any CPU.Build.0 = Debug|Any CPU
		{24690A20-F59F-46B1-B2D7-DA93EA43CF9A}.Release|Any CPU.ActiveCfg = Release|Any CPU
		{24690A20-F59F-46B1-B2D7-DA93EA43CF9A}.Release|Any CPU.Build.0 = Release|Any CPU
		{362A2217-FC8C-4B1F-A6EE-C6DAC0EAE4EE}.Debug|Any CPU.ActiveCfg = Debug|Any CPU
		{362A2217-FC8C-4B1F-A6EE-C6DAC0EAE4EE}.Debug|Any CPU.Build.0 = Debug|Any CPU
		{362A2217-FC8C-4B1F-A6EE-C6DAC0EAE4EE}.Release|Any CPU.ActiveCfg = Release|Any CPU
		{362A2217-FC8C-4B1F-A6EE-C6DAC0EAE4EE}.Release|Any CPU.Build.0 = Release|Any CPU
	EndGlobalSection
	GlobalSection(SolutionProperties) = preSolution
		HideSolutionNode = FALSE
	EndGlobalSection
	GlobalSection(NestedProjects) = preSolution
		{24690A20-F59F-46B1-B2D7-DA93EA43CF9A} = {602ECB82-7A93-437E-BF9C-99B9F8BEA52F}
		{FA2FD205-59B5-440E-8D88-1C64BF449848} = {602ECB82-7A93-437E-BF9C-99B9F8BEA52F}
		{362A2217-FC8C-4B1F-A6EE-C6DAC0EAE4EE} = {602ECB82-7A93-437E-BF9C-99B9F8BEA52F}
	EndGlobalSection
EndGlobal
